// !$*UTF8*$!
{
	archiveVersion = 1;
	classes = {
	};
	objectVersion = 56;
	objects = {

/* Begin PBXBuildFile section */
		C83A8CC42C86520D003A4533 /* BeatSolverApp.swift in Sources */ = {isa = PBXBuildFile; fileRef = C83A8CC32C86520D003A4533 /* BeatSolverApp.swift */; };
		C83A8CC62C86520D003A4533 /* ContentView.swift in Sources */ = {isa = PBXBuildFile; fileRef = C83A8CC52C86520D003A4533 /* ContentView.swift */; };
		C83A8CC82C86520E003A4533 /* Assets.xcassets in Resources */ = {isa = PBXBuildFile; fileRef = C83A8CC72C86520E003A4533 /* Assets.xcassets */; };
		C83A8CCB2C86520E003A4533 /* Preview Assets.xcassets in Resources */ = {isa = PBXBuildFile; fileRef = C83A8CCA2C86520E003A4533 /* Preview Assets.xcassets */; };
		C83A8CD52C86520E003A4533 /* BeatSolverTests.swift in Sources */ = {isa = PBXBuildFile; fileRef = C83A8CD42C86520E003A4533 /* BeatSolverTests.swift */; };
		C83A8CDF2C86520E003A4533 /* BeatSolverUITests.swift in Sources */ = {isa = PBXBuildFile; fileRef = C83A8CDE2C86520E003A4533 /* BeatSolverUITests.swift */; };
		C83A8CE12C86520E003A4533 /* BeatSolverUITestsLaunchTests.swift in Sources */ = {isa = PBXBuildFile; fileRef = C83A8CE02C86520E003A4533 /* BeatSolverUITestsLaunchTests.swift */; };
		C83A8CEF2C867676003A4533 /* BPMInputView.swift in Sources */ = {isa = PBXBuildFile; fileRef = C83A8CEE2C867676003A4533 /* BPMInputView.swift */; };
		C83A8CF62C867876003A4533 /* Styles.swift in Sources */ = {isa = PBXBuildFile; fileRef = C83A8CF52C867876003A4533 /* Styles.swift */; };
		C83A8CF82C867D70003A4533 /* IgnoreKeyboardModifier.swift in Sources */ = {isa = PBXBuildFile; fileRef = C83A8CF72C867D70003A4533 /* IgnoreKeyboardModifier.swift */; };
		C83A8D002C869CD0003A4533 /* BPMValidator.swift in Sources */ = {isa = PBXBuildFile; fileRef = C83A8CFF2C869CD0003A4533 /* BPMValidator.swift */; };
		C83A8D022C86A194003A4533 /* BPMTapperView.swift in Sources */ = {isa = PBXBuildFile; fileRef = C83A8D012C86A194003A4533 /* BPMTapperView.swift */; };
/* End PBXBuildFile section */

/* Begin PBXContainerItemProxy section */
		C83A8CD12C86520E003A4533 /* PBXContainerItemProxy */ = {
			isa = PBXContainerItemProxy;
			containerPortal = C83A8CB82C86520D003A4533 /* Project object */;
			proxyType = 1;
			remoteGlobalIDString = C83A8CBF2C86520D003A4533;
			remoteInfo = BeatSolver;
		};
		C83A8CDB2C86520E003A4533 /* PBXContainerItemProxy */ = {
			isa = PBXContainerItemProxy;
			containerPortal = C83A8CB82C86520D003A4533 /* Project object */;
			proxyType = 1;
			remoteGlobalIDString = C83A8CBF2C86520D003A4533;
			remoteInfo = BeatSolver;
		};
/* End PBXContainerItemProxy section */

/* Begin PBXFileReference section */
		C83A8CC02C86520D003A4533 /* BeatSolver.app */ = {isa = PBXFileReference; explicitFileType = wrapper.application; includeInIndex = 0; path = BeatSolver.app; sourceTree = BUILT_PRODUCTS_DIR; };
		C83A8CC32C86520D003A4533 /* BeatSolverApp.swift */ = {isa = PBXFileReference; lastKnownFileType = sourcecode.swift; path = BeatSolverApp.swift; sourceTree = "<group>"; };
		C83A8CC52C86520D003A4533 /* ContentView.swift */ = {isa = PBXFileReference; lastKnownFileType = sourcecode.swift; path = ContentView.swift; sourceTree = "<group>"; };
		C83A8CC72C86520E003A4533 /* Assets.xcassets */ = {isa = PBXFileReference; lastKnownFileType = folder.assetcatalog; path = Assets.xcassets; sourceTree = "<group>"; };
		C83A8CCA2C86520E003A4533 /* Preview Assets.xcassets */ = {isa = PBXFileReference; lastKnownFileType = folder.assetcatalog; path = "Preview Assets.xcassets"; sourceTree = "<group>"; };
		C83A8CD02C86520E003A4533 /* BeatSolverTests.xctest */ = {isa = PBXFileReference; explicitFileType = wrapper.cfbundle; includeInIndex = 0; path = BeatSolverTests.xctest; sourceTree = BUILT_PRODUCTS_DIR; };
		C83A8CD42C86520E003A4533 /* BeatSolverTests.swift */ = {isa = PBXFileReference; lastKnownFileType = sourcecode.swift; path = BeatSolverTests.swift; sourceTree = "<group>"; };
		C83A8CDA2C86520E003A4533 /* BeatSolverUITests.xctest */ = {isa = PBXFileReference; explicitFileType = wrapper.cfbundle; includeInIndex = 0; path = BeatSolverUITests.xctest; sourceTree = BUILT_PRODUCTS_DIR; };
		C83A8CDE2C86520E003A4533 /* BeatSolverUITests.swift */ = {isa = PBXFileReference; lastKnownFileType = sourcecode.swift; path = BeatSolverUITests.swift; sourceTree = "<group>"; };
		C83A8CE02C86520E003A4533 /* BeatSolverUITestsLaunchTests.swift */ = {isa = PBXFileReference; lastKnownFileType = sourcecode.swift; path = BeatSolverUITestsLaunchTests.swift; sourceTree = "<group>"; };
		C83A8CEE2C867676003A4533 /* BPMInputView.swift */ = {isa = PBXFileReference; lastKnownFileType = sourcecode.swift; path = BPMInputView.swift; sourceTree = "<group>"; };
		C83A8CF52C867876003A4533 /* Styles.swift */ = {isa = PBXFileReference; lastKnownFileType = sourcecode.swift; path = Styles.swift; sourceTree = "<group>"; };
		C83A8CF72C867D70003A4533 /* IgnoreKeyboardModifier.swift */ = {isa = PBXFileReference; lastKnownFileType = sourcecode.swift; path = IgnoreKeyboardModifier.swift; sourceTree = "<group>"; };
		C83A8CFF2C869CD0003A4533 /* BPMValidator.swift */ = {isa = PBXFileReference; lastKnownFileType = sourcecode.swift; path = BPMValidator.swift; sourceTree = "<group>"; };
		C83A8D012C86A194003A4533 /* BPMTapperView.swift */ = {isa = PBXFileReference; lastKnownFileType = sourcecode.swift; path = BPMTapperView.swift; sourceTree = "<group>"; };
/* End PBXFileReference section */

/* Begin PBXFrameworksBuildPhase section */
		C83A8CBD2C86520D003A4533 /* Frameworks */ = {
			isa = PBXFrameworksBuildPhase;
			buildActionMask = 2147483647;
			files = (
			);
			runOnlyForDeploymentPostprocessing = 0;
		};
		C83A8CCD2C86520E003A4533 /* Frameworks */ = {
			isa = PBXFrameworksBuildPhase;
			buildActionMask = 2147483647;
			files = (
			);
			runOnlyForDeploymentPostprocessing = 0;
		};
		C83A8CD72C86520E003A4533 /* Frameworks */ = {
			isa = PBXFrameworksBuildPhase;
			buildActionMask = 2147483647;
			files = (
			);
			runOnlyForDeploymentPostprocessing = 0;
		};
/* End PBXFrameworksBuildPhase section */

/* Begin PBXGroup section */
		C83A8CB72C86520D003A4533 = {
			isa = PBXGroup;
			children = (
				C83A8CC22C86520D003A4533 /* BeatSolver */,
				C83A8CD32C86520E003A4533 /* BeatSolverTests */,
				C83A8CDD2C86520E003A4533 /* BeatSolverUITests */,
				C83A8CC12C86520D003A4533 /* Products */,
			);
			sourceTree = "<group>";
		};
		C83A8CC12C86520D003A4533 /* Products */ = {
			isa = PBXGroup;
			children = (
				C83A8CC02C86520D003A4533 /* BeatSolver.app */,
				C83A8CD02C86520E003A4533 /* BeatSolverTests.xctest */,
				C83A8CDA2C86520E003A4533 /* BeatSolverUITests.xctest */,
			);
			name = Products;
			sourceTree = "<group>";
		};
		C83A8CC22C86520D003A4533 /* BeatSolver */ = {
			isa = PBXGroup;
			children = (
				C83A8CF02C8677F9003A4533 /* Utilities */,
				C83A8CED2C8675DA003A4533 /* BPM */,
				C83A8CC32C86520D003A4533 /* BeatSolverApp.swift */,
				C83A8CC52C86520D003A4533 /* ContentView.swift */,
				C83A8CC72C86520E003A4533 /* Assets.xcassets */,
				C83A8CC92C86520E003A4533 /* Preview Content */,
			);
			path = BeatSolver;
			sourceTree = "<group>";
		};
		C83A8CC92C86520E003A4533 /* Preview Content */ = {
			isa = PBXGroup;
			children = (
				C83A8CCA2C86520E003A4533 /* Preview Assets.xcassets */,
			);
			path = "Preview Content";
			sourceTree = "<group>";
		};
		C83A8CD32C86520E003A4533 /* BeatSolverTests */ = {
			isa = PBXGroup;
			children = (
				C83A8CD42C86520E003A4533 /* BeatSolverTests.swift */,
			);
			path = BeatSolverTests;
			sourceTree = "<group>";
		};
		C83A8CDD2C86520E003A4533 /* BeatSolverUITests */ = {
			isa = PBXGroup;
			children = (
				C83A8CDE2C86520E003A4533 /* BeatSolverUITests.swift */,
				C83A8CE02C86520E003A4533 /* BeatSolverUITestsLaunchTests.swift */,
			);
			path = BeatSolverUITests;
			sourceTree = "<group>";
		};
		C83A8CED2C8675DA003A4533 /* BPM */ = {
			isa = PBXGroup;
			children = (
				C83A8CEE2C867676003A4533 /* BPMInputView.swift */,
				C83A8CFF2C869CD0003A4533 /* BPMValidator.swift */,
				C83A8D012C86A194003A4533 /* BPMTapperView.swift */,
			);
			path = BPM;
			sourceTree = "<group>";
		};
		C83A8CF02C8677F9003A4533 /* Utilities */ = {
			isa = PBXGroup;
			children = (
				C83A8CF52C867876003A4533 /* Styles.swift */,
				C83A8CF72C867D70003A4533 /* IgnoreKeyboardModifier.swift */,
			);
			path = Utilities;
			sourceTree = "<group>";
		};
/* End PBXGroup section */

/* Begin PBXNativeTarget section */
		C83A8CBF2C86520D003A4533 /* BeatSolver */ = {
			isa = PBXNativeTarget;
			buildConfigurationList = C83A8CE42C86520E003A4533 /* Build configuration list for PBXNativeTarget "BeatSolver" */;
			buildPhases = (
				C83A8CBC2C86520D003A4533 /* Sources */,
				C83A8CBD2C86520D003A4533 /* Frameworks */,
				C83A8CBE2C86520D003A4533 /* Resources */,
			);
			buildRules = (
			);
			dependencies = (
			);
			name = BeatSolver;
			productName = BeatSolver;
			productReference = C83A8CC02C86520D003A4533 /* BeatSolver.app */;
			productType = "com.apple.product-type.application";
		};
		C83A8CCF2C86520E003A4533 /* BeatSolverTests */ = {
			isa = PBXNativeTarget;
			buildConfigurationList = C83A8CE72C86520E003A4533 /* Build configuration list for PBXNativeTarget "BeatSolverTests" */;
			buildPhases = (
				C83A8CCC2C86520E003A4533 /* Sources */,
				C83A8CCD2C86520E003A4533 /* Frameworks */,
				C83A8CCE2C86520E003A4533 /* Resources */,
			);
			buildRules = (
			);
			dependencies = (
				C83A8CD22C86520E003A4533 /* PBXTargetDependency */,
			);
			name = BeatSolverTests;
			productName = BeatSolverTests;
			productReference = C83A8CD02C86520E003A4533 /* BeatSolverTests.xctest */;
			productType = "com.apple.product-type.bundle.unit-test";
		};
		C83A8CD92C86520E003A4533 /* BeatSolverUITests */ = {
			isa = PBXNativeTarget;
			buildConfigurationList = C83A8CEA2C86520E003A4533 /* Build configuration list for PBXNativeTarget "BeatSolverUITests" */;
			buildPhases = (
				C83A8CD62C86520E003A4533 /* Sources */,
				C83A8CD72C86520E003A4533 /* Frameworks */,
				C83A8CD82C86520E003A4533 /* Resources */,
			);
			buildRules = (
			);
			dependencies = (
				C83A8CDC2C86520E003A4533 /* PBXTargetDependency */,
			);
			name = BeatSolverUITests;
			productName = BeatSolverUITests;
			productReference = C83A8CDA2C86520E003A4533 /* BeatSolverUITests.xctest */;
			productType = "com.apple.product-type.bundle.ui-testing";
		};
/* End PBXNativeTarget section */

/* Begin PBXProject section */
		C83A8CB82C86520D003A4533 /* Project object */ = {
			isa = PBXProject;
			attributes = {
				BuildIndependentTargetsInParallel = 1;
				LastSwiftUpdateCheck = 1540;
				LastUpgradeCheck = 1540;
				TargetAttributes = {
					C83A8CBF2C86520D003A4533 = {
						CreatedOnToolsVersion = 15.4;
					};
					C83A8CCF2C86520E003A4533 = {
						CreatedOnToolsVersion = 15.4;
						TestTargetID = C83A8CBF2C86520D003A4533;
					};
					C83A8CD92C86520E003A4533 = {
						CreatedOnToolsVersion = 15.4;
						TestTargetID = C83A8CBF2C86520D003A4533;
					};
				};
			};
			buildConfigurationList = C83A8CBB2C86520D003A4533 /* Build configuration list for PBXProject "BeatSolver" */;
			compatibilityVersion = "Xcode 14.0";
			developmentRegion = en;
			hasScannedForEncodings = 0;
			knownRegions = (
				en,
				Base,
			);
			mainGroup = C83A8CB72C86520D003A4533;
			productRefGroup = C83A8CC12C86520D003A4533 /* Products */;
			projectDirPath = "";
			projectRoot = "";
			targets = (
				C83A8CBF2C86520D003A4533 /* BeatSolver */,
				C83A8CCF2C86520E003A4533 /* BeatSolverTests */,
				C83A8CD92C86520E003A4533 /* BeatSolverUITests */,
			);
		};
/* End PBXProject section */

/* Begin PBXResourcesBuildPhase section */
		C83A8CBE2C86520D003A4533 /* Resources */ = {
			isa = PBXResourcesBuildPhase;
			buildActionMask = 2147483647;
			files = (
				C83A8CCB2C86520E003A4533 /* Preview Assets.xcassets in Resources */,
				C83A8CC82C86520E003A4533 /* Assets.xcassets in Resources */,
			);
			runOnlyForDeploymentPostprocessing = 0;
		};
		C83A8CCE2C86520E003A4533 /* Resources */ = {
			isa = PBXResourcesBuildPhase;
			buildActionMask = 2147483647;
			files = (
			);
			runOnlyForDeploymentPostprocessing = 0;
		};
		C83A8CD82C86520E003A4533 /* Resources */ = {
			isa = PBXResourcesBuildPhase;
			buildActionMask = 2147483647;
			files = (
			);
			runOnlyForDeploymentPostprocessing = 0;
		};
/* End PBXResourcesBuildPhase section */

/* Begin PBXSourcesBuildPhase section */
		C83A8CBC2C86520D003A4533 /* Sources */ = {
			isa = PBXSourcesBuildPhase;
			buildActionMask = 2147483647;
			files = (
				C83A8CF82C867D70003A4533 /* IgnoreKeyboardModifier.swift in Sources */,
				C83A8CEF2C867676003A4533 /* BPMInputView.swift in Sources */,
				C83A8CC62C86520D003A4533 /* ContentView.swift in Sources */,
				C83A8CC42C86520D003A4533 /* BeatSolverApp.swift in Sources */,
				C83A8D002C869CD0003A4533 /* BPMValidator.swift in Sources */,
				C83A8D022C86A194003A4533 /* BPMTapperView.swift in Sources */,
				C83A8CF62C867876003A4533 /* Styles.swift in Sources */,
			);
			runOnlyForDeploymentPostprocessing = 0;
		};
		C83A8CCC2C86520E003A4533 /* Sources */ = {
			isa = PBXSourcesBuildPhase;
			buildActionMask = 2147483647;
			files = (
				C83A8CD52C86520E003A4533 /* BeatSolverTests.swift in Sources */,
			);
			runOnlyForDeploymentPostprocessing = 0;
		};
		C83A8CD62C86520E003A4533 /* Sources */ = {
			isa = PBXSourcesBuildPhase;
			buildActionMask = 2147483647;
			files = (
				C83A8CDF2C86520E003A4533 /* BeatSolverUITests.swift in Sources */,
				C83A8CE12C86520E003A4533 /* BeatSolverUITestsLaunchTests.swift in Sources */,
			);
			runOnlyForDeploymentPostprocessing = 0;
		};
/* End PBXSourcesBuildPhase section */

/* Begin PBXTargetDependency section */
		C83A8CD22C86520E003A4533 /* PBXTargetDependency */ = {
			isa = PBXTargetDependency;
			target = C83A8CBF2C86520D003A4533 /* BeatSolver */;
			targetProxy = C83A8CD12C86520E003A4533 /* PBXContainerItemProxy */;
		};
		C83A8CDC2C86520E003A4533 /* PBXTargetDependency */ = {
			isa = PBXTargetDependency;
			target = C83A8CBF2C86520D003A4533 /* BeatSolver */;
			targetProxy = C83A8CDB2C86520E003A4533 /* PBXContainerItemProxy */;
		};
/* End PBXTargetDependency section */

/* Begin XCBuildConfiguration section */
		C83A8CE22C86520E003A4533 /* Debug */ = {
			isa = XCBuildConfiguration;
			buildSettings = {
				ALWAYS_SEARCH_USER_PATHS = NO;
				ASSETCATALOG_COMPILER_GENERATE_SWIFT_ASSET_SYMBOL_EXTENSIONS = YES;
				CLANG_ANALYZER_NONNULL = YES;
				CLANG_ANALYZER_NUMBER_OBJECT_CONVERSION = YES_AGGRESSIVE;
				CLANG_CXX_LANGUAGE_STANDARD = "gnu++20";
				CLANG_ENABLE_MODULES = YES;
				CLANG_ENABLE_OBJC_ARC = YES;
				CLANG_ENABLE_OBJC_WEAK = YES;
				CLANG_WARN_BLOCK_CAPTURE_AUTORELEASING = YES;
				CLANG_WARN_BOOL_CONVERSION = YES;
				CLANG_WARN_COMMA = YES;
				CLANG_WARN_CONSTANT_CONVERSION = YES;
				CLANG_WARN_DEPRECATED_OBJC_IMPLEMENTATIONS = YES;
				CLANG_WARN_DIRECT_OBJC_ISA_USAGE = YES_ERROR;
				CLANG_WARN_DOCUMENTATION_COMMENTS = YES;
				CLANG_WARN_EMPTY_BODY = YES;
				CLANG_WARN_ENUM_CONVERSION = YES;
				CLANG_WARN_INFINITE_RECURSION = YES;
				CLANG_WARN_INT_CONVERSION = YES;
				CLANG_WARN_NON_LITERAL_NULL_CONVERSION = YES;
				CLANG_WARN_OBJC_IMPLICIT_RETAIN_SELF = YES;
				CLANG_WARN_OBJC_LITERAL_CONVERSION = YES;
				CLANG_WARN_OBJC_ROOT_CLASS = YES_ERROR;
				CLANG_WARN_QUOTED_INCLUDE_IN_FRAMEWORK_HEADER = YES;
				CLANG_WARN_RANGE_LOOP_ANALYSIS = YES;
				CLANG_WARN_STRICT_PROTOTYPES = YES;
				CLANG_WARN_SUSPICIOUS_MOVE = YES;
				CLANG_WARN_UNGUARDED_AVAILABILITY = YES_AGGRESSIVE;
				CLANG_WARN_UNREACHABLE_CODE = YES;
				CLANG_WARN__DUPLICATE_METHOD_MATCH = YES;
				COPY_PHASE_STRIP = NO;
				DEBUG_INFORMATION_FORMAT = dwarf;
				ENABLE_STRICT_OBJC_MSGSEND = YES;
				ENABLE_TESTABILITY = YES;
				ENABLE_USER_SCRIPT_SANDBOXING = YES;
				GCC_C_LANGUAGE_STANDARD = gnu17;
				GCC_DYNAMIC_NO_PIC = NO;
				GCC_NO_COMMON_BLOCKS = YES;
				GCC_OPTIMIZATION_LEVEL = 0;
				GCC_PREPROCESSOR_DEFINITIONS = (
					"DEBUG=1",
					"$(inherited)",
				);
				GCC_WARN_64_TO_32_BIT_CONVERSION = YES;
				GCC_WARN_ABOUT_RETURN_TYPE = YES_ERROR;
				GCC_WARN_UNDECLARED_SELECTOR = YES;
				GCC_WARN_UNINITIALIZED_AUTOS = YES_AGGRESSIVE;
				GCC_WARN_UNUSED_FUNCTION = YES;
				GCC_WARN_UNUSED_VARIABLE = YES;
				IPHONEOS_DEPLOYMENT_TARGET = 17.5;
				LOCALIZATION_PREFERS_STRING_CATALOGS = YES;
				MTL_ENABLE_DEBUG_INFO = INCLUDE_SOURCE;
				MTL_FAST_MATH = YES;
				ONLY_ACTIVE_ARCH = YES;
				SDKROOT = iphoneos;
				SWIFT_ACTIVE_COMPILATION_CONDITIONS = "DEBUG $(inherited)";
				SWIFT_OPTIMIZATION_LEVEL = "-Onone";
			};
			name = Debug;
		};
		C83A8CE32C86520E003A4533 /* Release */ = {
			isa = XCBuildConfiguration;
			buildSettings = {
				ALWAYS_SEARCH_USER_PATHS = NO;
				ASSETCATALOG_COMPILER_GENERATE_SWIFT_ASSET_SYMBOL_EXTENSIONS = YES;
				CLANG_ANALYZER_NONNULL = YES;
				CLANG_ANALYZER_NUMBER_OBJECT_CONVERSION = YES_AGGRESSIVE;
				CLANG_CXX_LANGUAGE_STANDARD = "gnu++20";
				CLANG_ENABLE_MODULES = YES;
				CLANG_ENABLE_OBJC_ARC = YES;
				CLANG_ENABLE_OBJC_WEAK = YES;
				CLANG_WARN_BLOCK_CAPTURE_AUTORELEASING = YES;
				CLANG_WARN_BOOL_CONVERSION = YES;
				CLANG_WARN_COMMA = YES;
				CLANG_WARN_CONSTANT_CONVERSION = YES;
				CLANG_WARN_DEPRECATED_OBJC_IMPLEMENTATIONS = YES;
				CLANG_WARN_DIRECT_OBJC_ISA_USAGE = YES_ERROR;
				CLANG_WARN_DOCUMENTATION_COMMENTS = YES;
				CLANG_WARN_EMPTY_BODY = YES;
				CLANG_WARN_ENUM_CONVERSION = YES;
				CLANG_WARN_INFINITE_RECURSION = YES;
				CLANG_WARN_INT_CONVERSION = YES;
				CLANG_WARN_NON_LITERAL_NULL_CONVERSION = YES;
				CLANG_WARN_OBJC_IMPLICIT_RETAIN_SELF = YES;
				CLANG_WARN_OBJC_LITERAL_CONVERSION = YES;
				CLANG_WARN_OBJC_ROOT_CLASS = YES_ERROR;
				CLANG_WARN_QUOTED_INCLUDE_IN_FRAMEWORK_HEADER = YES;
				CLANG_WARN_RANGE_LOOP_ANALYSIS = YES;
				CLANG_WARN_STRICT_PROTOTYPES = YES;
				CLANG_WARN_SUSPICIOUS_MOVE = YES;
				CLANG_WARN_UNGUARDED_AVAILABILITY = YES_AGGRESSIVE;
				CLANG_WARN_UNREACHABLE_CODE = YES;
				CLANG_WARN__DUPLICATE_METHOD_MATCH = YES;
				COPY_PHASE_STRIP = NO;
				DEBUG_INFORMATION_FORMAT = "dwarf-with-dsym";
				ENABLE_NS_ASSERTIONS = NO;
				ENABLE_STRICT_OBJC_MSGSEND = YES;
				ENABLE_USER_SCRIPT_SANDBOXING = YES;
				GCC_C_LANGUAGE_STANDARD = gnu17;
				GCC_NO_COMMON_BLOCKS = YES;
				GCC_WARN_64_TO_32_BIT_CONVERSION = YES;
				GCC_WARN_ABOUT_RETURN_TYPE = YES_ERROR;
				GCC_WARN_UNDECLARED_SELECTOR = YES;
				GCC_WARN_UNINITIALIZED_AUTOS = YES_AGGRESSIVE;
				GCC_WARN_UNUSED_FUNCTION = YES;
				GCC_WARN_UNUSED_VARIABLE = YES;
				IPHONEOS_DEPLOYMENT_TARGET = 17.5;
				LOCALIZATION_PREFERS_STRING_CATALOGS = YES;
				MTL_ENABLE_DEBUG_INFO = NO;
				MTL_FAST_MATH = YES;
				SDKROOT = iphoneos;
				SWIFT_COMPILATION_MODE = wholemodule;
				VALIDATE_PRODUCT = YES;
			};
			name = Release;
		};
		C83A8CE52C86520E003A4533 /* Debug */ = {
			isa = XCBuildConfiguration;
			buildSettings = {
				ASSETCATALOG_COMPILER_APPICON_NAME = AppIcon;
				ASSETCATALOG_COMPILER_GLOBAL_ACCENT_COLOR_NAME = AccentColor;
				CODE_SIGN_STYLE = Automatic;
				CURRENT_PROJECT_VERSION = 1;
				DEVELOPMENT_ASSET_PATHS = "\"BeatSolver/Preview Content\"";
				DEVELOPMENT_TEAM = RDUPRYNJ9P;
				ENABLE_PREVIEWS = YES;
				GENERATE_INFOPLIST_FILE = YES;
				INFOPLIST_KEY_UIApplicationSceneManifest_Generation = YES;
				INFOPLIST_KEY_UIApplicationSupportsIndirectInputEvents = YES;
				INFOPLIST_KEY_UILaunchScreen_Generation = YES;
				INFOPLIST_KEY_UISupportedInterfaceOrientations_iPad = "UIInterfaceOrientationPortrait UIInterfaceOrientationPortraitUpsideDown UIInterfaceOrientationLandscapeLeft UIInterfaceOrientationLandscapeRight";
				INFOPLIST_KEY_UISupportedInterfaceOrientations_iPhone = "UIInterfaceOrientationPortrait UIInterfaceOrientationLandscapeLeft UIInterfaceOrientationLandscapeRight";
				LD_RUNPATH_SEARCH_PATHS = (
					"$(inherited)",
					"@executable_path/Frameworks",
				);
				MARKETING_VERSION = 1.0;
				PRODUCT_BUNDLE_IDENTIFIER = Jess.BeatSolver;
				PRODUCT_NAME = "$(TARGET_NAME)";
				SWIFT_EMIT_LOC_STRINGS = YES;
				SWIFT_VERSION = 5.0;
				TARGETED_DEVICE_FAMILY = "1,2";
			};
			name = Debug;
		};
		C83A8CE62C86520E003A4533 /* Release */ = {
			isa = XCBuildConfiguration;
			buildSettings = {
				ASSETCATALOG_COMPILER_APPICON_NAME = AppIcon;
				ASSETCATALOG_COMPILER_GLOBAL_ACCENT_COLOR_NAME = AccentColor;
				CODE_SIGN_STYLE = Automatic;
				CURRENT_PROJECT_VERSION = 1;
				DEVELOPMENT_ASSET_PATHS = "\"BeatSolver/Preview Content\"";
				DEVELOPMENT_TEAM = RDUPRYNJ9P;
				ENABLE_PREVIEWS = YES;
				GENERATE_INFOPLIST_FILE = YES;
				INFOPLIST_KEY_UIApplicationSceneManifest_Generation = YES;
				INFOPLIST_KEY_UIApplicationSupportsIndirectInputEvents = YES;
				INFOPLIST_KEY_UILaunchScreen_Generation = YES;
				INFOPLIST_KEY_UISupportedInterfaceOrientations_iPad = "UIInterfaceOrientationPortrait UIInterfaceOrientationPortraitUpsideDown UIInterfaceOrientationLandscapeLeft UIInterfaceOrientationLandscapeRight";
				INFOPLIST_KEY_UISupportedInterfaceOrientations_iPhone = "UIInterfaceOrientationPortrait UIInterfaceOrientationLandscapeLeft UIInterfaceOrientationLandscapeRight";
				LD_RUNPATH_SEARCH_PATHS = (
					"$(inherited)",
					"@executable_path/Frameworks",
				);
				MARKETING_VERSION = 1.0;
				PRODUCT_BUNDLE_IDENTIFIER = Jess.BeatSolver;
				PRODUCT_NAME = "$(TARGET_NAME)";
				SWIFT_EMIT_LOC_STRINGS = YES;
				SWIFT_VERSION = 5.0;
				TARGETED_DEVICE_FAMILY = "1,2";
			};
			name = Release;
		};
		C83A8CE82C86520E003A4533 /* Debug */ = {
			isa = XCBuildConfiguration;
			buildSettings = {
				ALWAYS_EMBED_SWIFT_STANDARD_LIBRARIES = YES;
				BUNDLE_LOADER = "$(TEST_HOST)";
				CODE_SIGN_STYLE = Automatic;
				CURRENT_PROJECT_VERSION = 1;
				DEVELOPMENT_TEAM = RDUPRYNJ9P;
				GENERATE_INFOPLIST_FILE = YES;
				IPHONEOS_DEPLOYMENT_TARGET = 17.5;
				MARKETING_VERSION = 1.0;
				PRODUCT_BUNDLE_IDENTIFIER = Jess.BeatSolverTests;
				PRODUCT_NAME = "$(TARGET_NAME)";
				SWIFT_EMIT_LOC_STRINGS = NO;
				SWIFT_VERSION = 5.0;
				TARGETED_DEVICE_FAMILY = "1,2";
				TEST_HOST = "$(BUILT_PRODUCTS_DIR)/BeatSolver.app/$(BUNDLE_EXECUTABLE_FOLDER_PATH)/BeatSolver";
			};
			name = Debug;
		};
		C83A8CE92C86520E003A4533 /* Release */ = {
			isa = XCBuildConfiguration;
			buildSettings = {
				ALWAYS_EMBED_SWIFT_STANDARD_LIBRARIES = YES;
				BUNDLE_LOADER = "$(TEST_HOST)";
				CODE_SIGN_STYLE = Automatic;
				CURRENT_PROJECT_VERSION = 1;
				DEVELOPMENT_TEAM = RDUPRYNJ9P;
				GENERATE_INFOPLIST_FILE = YES;
				IPHONEOS_DEPLOYMENT_TARGET = 17.5;
				MARKETING_VERSION = 1.0;
				PRODUCT_BUNDLE_IDENTIFIER = Jess.BeatSolverTests;
				PRODUCT_NAME = "$(TARGET_NAME)";
				SWIFT_EMIT_LOC_STRINGS = NO;
				SWIFT_VERSION = 5.0;
				TARGETED_DEVICE_FAMILY = "1,2";
				TEST_HOST = "$(BUILT_PRODUCTS_DIR)/BeatSolver.app/$(BUNDLE_EXECUTABLE_FOLDER_PATH)/BeatSolver";
			};
			name = Release;
		};
		C83A8CEB2C86520E003A4533 /* Debug */ = {
			isa = XCBuildConfiguration;
			buildSettings = {
				ALWAYS_EMBED_SWIFT_STANDARD_LIBRARIES = YES;
				CODE_SIGN_STYLE = Automatic;
				CURRENT_PROJECT_VERSION = 1;
				DEVELOPMENT_TEAM = RDUPRYNJ9P;
				GENERATE_INFOPLIST_FILE = YES;
				MARKETING_VERSION = 1.0;
				PRODUCT_BUNDLE_IDENTIFIER = Jess.BeatSolverUITests;
				PRODUCT_NAME = "$(TARGET_NAME)";
				SWIFT_EMIT_LOC_STRINGS = NO;
				SWIFT_VERSION = 5.0;
				TARGETED_DEVICE_FAMILY = "1,2";
				TEST_TARGET_NAME = BeatSolver;
			};
			name = Debug;
		};
		C83A8CEC2C86520E003A4533 /* Release */ = {
			isa = XCBuildConfiguration;
			buildSettings = {
				ALWAYS_EMBED_SWIFT_STANDARD_LIBRARIES = YES;
				CODE_SIGN_STYLE = Automatic;
				CURRENT_PROJECT_VERSION = 1;
				DEVELOPMENT_TEAM = RDUPRYNJ9P;
				GENERATE_INFOPLIST_FILE = YES;
				MARKETING_VERSION = 1.0;
				PRODUCT_BUNDLE_IDENTIFIER = Jess.BeatSolverUITests;
				PRODUCT_NAME = "$(TARGET_NAME)";
				SWIFT_EMIT_LOC_STRINGS = NO;
				SWIFT_VERSION = 5.0;
				TARGETED_DEVICE_FAMILY = "1,2";
				TEST_TARGET_NAME = BeatSolver;
			};
			name = Release;
		};
/* End XCBuildConfiguration section */

/* Begin XCConfigurationList section */
		C83A8CBB2C86520D003A4533 /* Build configuration list for PBXProject "BeatSolver" */ = {
			isa = XCConfigurationList;
			buildConfigurations = (
				C83A8CE22C86520E003A4533 /* Debug */,
				C83A8CE32C86520E003A4533 /* Release */,
			);
			defaultConfigurationIsVisible = 0;
			defaultConfigurationName = Release;
		};
		C83A8CE42C86520E003A4533 /* Build configuration list for PBXNativeTarget "BeatSolver" */ = {
			isa = XCConfigurationList;
			buildConfigurations = (
				C83A8CE52C86520E003A4533 /* Debug */,
				C83A8CE62C86520E003A4533 /* Release */,
			);
			defaultConfigurationIsVisible = 0;
			defaultConfigurationName = Release;
		};
		C83A8CE72C86520E003A4533 /* Build configuration list for PBXNativeTarget "BeatSolverTests" */ = {
			isa = XCConfigurationList;
			buildConfigurations = (
				C83A8CE82C86520E003A4533 /* Debug */,
				C83A8CE92C86520E003A4533 /* Release */,
			);
			defaultConfigurationIsVisible = 0;
			defaultConfigurationName = Release;
		};
		C83A8CEA2C86520E003A4533 /* Build configuration list for PBXNativeTarget "BeatSolverUITests" */ = {
			isa = XCConfigurationList;
			buildConfigurations = (
				C83A8CEB2C86520E003A4533 /* Debug */,
				C83A8CEC2C86520E003A4533 /* Release */,
			);
			defaultConfigurationIsVisible = 0;
			defaultConfigurationName = Release;
		};
/* End XCConfigurationList section */
	};
	rootObject = C83A8CB82C86520D003A4533 /* Project object */;
}
